// !$*UTF8*$!
{
	archiveVersion = 1;
	classes = {
	};
	objectVersion = 56;
	objects = {

/* Begin PBXBuildFile section */
		F9205296298974BE00AEB709 /* AddAssignmentView.swift in Sources */ = {isa = PBXBuildFile; fileRef = F9205295298974BE00AEB709 /* AddAssignmentView.swift */; };
		F9205298298974CF00AEB709 /* AssignmentList.swift in Sources */ = {isa = PBXBuildFile; fileRef = F9205297298974CF00AEB709 /* AssignmentList.swift */; };
		F9E5062E2989736100F5C456 /* Assignment_NotebookApp.swift in Sources */ = {isa = PBXBuildFile; fileRef = F9E5062D2989736100F5C456 /* Assignment_NotebookApp.swift */; };
		F9E506302989736100F5C456 /* ContentView.swift in Sources */ = {isa = PBXBuildFile; fileRef = F9E5062F2989736100F5C456 /* ContentView.swift */; };
		F9E506322989736200F5C456 /* Assets.xcassets in Resources */ = {isa = PBXBuildFile; fileRef = F9E506312989736200F5C456 /* Assets.xcassets */; };
		F9E506352989736200F5C456 /* Preview Assets.xcassets in Resources */ = {isa = PBXBuildFile; fileRef = F9E506342989736200F5C456 /* Preview Assets.xcassets */; };
		F9E5063F2989736200F5C456 /* Assignment_NotebookTests.swift in Sources */ = {isa = PBXBuildFile; fileRef = F9E5063E2989736200F5C456 /* Assignment_NotebookTests.swift */; };
		F9E506492989736200F5C456 /* Assignment_NotebookUITests.swift in Sources */ = {isa = PBXBuildFile; fileRef = F9E506482989736200F5C456 /* Assignment_NotebookUITests.swift */; };
		F9E5064B2989736200F5C456 /* Assignment_NotebookUITestsLaunchTests.swift in Sources */ = {isa = PBXBuildFile; fileRef = F9E5064A2989736200F5C456 /* Assignment_NotebookUITestsLaunchTests.swift */; };
/* End PBXBuildFile section */

/* Begin PBXContainerItemProxy section */
		F9E5063B2989736200F5C456 /* PBXContainerItemProxy */ = {
			isa = PBXContainerItemProxy;
			containerPortal = F9E506222989736100F5C456 /* Project object */;
			proxyType = 1;
			remoteGlobalIDString = F9E506292989736100F5C456;
			remoteInfo = "Assignment Notebook";
		};
		F9E506452989736200F5C456 /* PBXContainerItemProxy */ = {
			isa = PBXContainerItemProxy;
			containerPortal = F9E506222989736100F5C456 /* Project object */;
			proxyType = 1;
			remoteGlobalIDString = F9E506292989736100F5C456;
			remoteInfo = "Assignment Notebook";
		};
/* End PBXContainerItemProxy section */

/* Begin PBXFileReference section */
		F9205295298974BE00AEB709 /* AddAssignmentView.swift */ = {isa = PBXFileReference; lastKnownFileType = sourcecode.swift; path = AddAssignmentView.swift; sourceTree = "<group>"; };
		F9205297298974CF00AEB709 /* AssignmentList.swift */ = {isa = PBXFileReference; lastKnownFileType = sourcecode.swift; path = AssignmentList.swift; sourceTree = "<group>"; };
		F9E5062A2989736100F5C456 /* Assignment Notebook.app */ = {isa = PBXFileReference; explicitFileType = wrapper.application; includeInIndex = 0; path = "Assignment Notebook.app"; sourceTree = BUILT_PRODUCTS_DIR; };
		F9E5062D2989736100F5C456 /* Assignment_NotebookApp.swift */ = {isa = PBXFileReference; lastKnownFileType = sourcecode.swift; path = Assignment_NotebookApp.swift; sourceTree = "<group>"; };
		F9E5062F2989736100F5C456 /* ContentView.swift */ = {isa = PBXFileReference; lastKnownFileType = sourcecode.swift; path = ContentView.swift; sourceTree = "<group>"; };
		F9E506312989736200F5C456 /* Assets.xcassets */ = {isa = PBXFileReference; lastKnownFileType = folder.assetcatalog; path = Assets.xcassets; sourceTree = "<group>"; };
		F9E506342989736200F5C456 /* Preview Assets.xcassets */ = {isa = PBXFileReference; lastKnownFileType = folder.assetcatalog; path = "Preview Assets.xcassets"; sourceTree = "<group>"; };
		F9E5063A2989736200F5C456 /* Assignment NotebookTests.xctest */ = {isa = PBXFileReference; explicitFileType = wrapper.cfbundle; includeInIndex = 0; path = "Assignment NotebookTests.xctest"; sourceTree = BUILT_PRODUCTS_DIR; };
		F9E5063E2989736200F5C456 /* Assignment_NotebookTests.swift */ = {isa = PBXFileReference; lastKnownFileType = sourcecode.swift; path = Assignment_NotebookTests.swift; sourceTree = "<group>"; };
		F9E506442989736200F5C456 /* Assignment NotebookUITests.xctest */ = {isa = PBXFileReference; explicitFileType = wrapper.cfbundle; includeInIndex = 0; path = "Assignment NotebookUITests.xctest"; sourceTree = BUILT_PRODUCTS_DIR; };
		F9E506482989736200F5C456 /* Assignment_NotebookUITests.swift */ = {isa = PBXFileReference; lastKnownFileType = sourcecode.swift; path = Assignment_NotebookUITests.swift; sourceTree = "<group>"; };
		F9E5064A2989736200F5C456 /* Assignment_NotebookUITestsLaunchTests.swift */ = {isa = PBXFileReference; lastKnownFileType = sourcecode.swift; path = Assignment_NotebookUITestsLaunchTests.swift; sourceTree = "<group>"; };
/* End PBXFileReference section */

/* Begin PBXFrameworksBuildPhase section */
		F9E506272989736100F5C456 /* Frameworks */ = {
			isa = PBXFrameworksBuildPhase;
			buildActionMask = 2147483647;
			files = (
			);
			runOnlyForDeploymentPostprocessing = 0;
		};
		F9E506372989736200F5C456 /* Frameworks */ = {
			isa = PBXFrameworksBuildPhase;
			buildActionMask = 2147483647;
			files = (
			);
			runOnlyForDeploymentPostprocessing = 0;
		};
		F9E506412989736200F5C456 /* Frameworks */ = {
			isa = PBXFrameworksBuildPhase;
			buildActionMask = 2147483647;
			files = (
			);
			runOnlyForDeploymentPostprocessing = 0;
		};
/* End PBXFrameworksBuildPhase section */

/* Begin PBXGroup section */
		F9E506212989736100F5C456 = {
			isa = PBXGroup;
			children = (
				F9E5062C2989736100F5C456 /* Assignment Notebook */,
				F9E5063D2989736200F5C456 /* Assignment NotebookTests */,
				F9E506472989736200F5C456 /* Assignment NotebookUITests */,
				F9E5062B2989736100F5C456 /* Products */,
			);
			sourceTree = "<group>";
		};
		F9E5062B2989736100F5C456 /* Products */ = {
			isa = PBXGroup;
			children = (
				F9E5062A2989736100F5C456 /* Assignment Notebook.app */,
				F9E5063A2989736200F5C456 /* Assignment NotebookTests.xctest */,
				F9E506442989736200F5C456 /* Assignment NotebookUITests.xctest */,
			);
			name = Products;
			sourceTree = "<group>";
		};
		F9E5062C2989736100F5C456 /* Assignment Notebook */ = {
			isa = PBXGroup;
			children = (
				F9E5062D2989736100F5C456 /* Assignment_NotebookApp.swift */,
				F9E5062F2989736100F5C456 /* ContentView.swift */,
				F9205295298974BE00AEB709 /* AddAssignmentView.swift */,
				F9205297298974CF00AEB709 /* AssignmentList.swift */,
				F9E506312989736200F5C456 /* Assets.xcassets */,
				F9E506332989736200F5C456 /* Preview Content */,
			);
			path = "Assignment Notebook";
			sourceTree = "<group>";
		};
		F9E506332989736200F5C456 /* Preview Content */ = {
			isa = PBXGroup;
			children = (
				F9E506342989736200F5C456 /* Preview Assets.xcassets */,
			);
			path = "Preview Content";
			sourceTree = "<group>";
		};
		F9E5063D2989736200F5C456 /* Assignment NotebookTests */ = {
			isa = PBXGroup;
			children = (
				F9E5063E2989736200F5C456 /* Assignment_NotebookTests.swift */,
			);
			path = "Assignment NotebookTests";
			sourceTree = "<group>";
		};
		F9E506472989736200F5C456 /* Assignment NotebookUITests */ = {
			isa = PBXGroup;
			children = (
				F9E506482989736200F5C456 /* Assignment_NotebookUITests.swift */,
				F9E5064A2989736200F5C456 /* Assignment_NotebookUITestsLaunchTests.swift */,
			);
			path = "Assignment NotebookUITests";
			sourceTree = "<group>";
		};
/* End PBXGroup section */

/* Begin PBXNativeTarget section */
		F9E506292989736100F5C456 /* Assignment Notebook */ = {
			isa = PBXNativeTarget;
			buildConfigurationList = F9E5064E2989736200F5C456 /* Build configuration list for PBXNativeTarget "Assignment Notebook" */;
			buildPhases = (
				F9E506262989736100F5C456 /* Sources */,
				F9E506272989736100F5C456 /* Frameworks */,
				F9E506282989736100F5C456 /* Resources */,
			);
			buildRules = (
			);
			dependencies = (
			);
			name = "Assignment Notebook";
			productName = "Assignment Notebook";
			productReference = F9E5062A2989736100F5C456 /* Assignment Notebook.app */;
			productType = "com.apple.product-type.application";
		};
		F9E506392989736200F5C456 /* Assignment NotebookTests */ = {
			isa = PBXNativeTarget;
			buildConfigurationList = F9E506512989736200F5C456 /* Build configuration list for PBXNativeTarget "Assignment NotebookTests" */;
			buildPhases = (
				F9E506362989736200F5C456 /* Sources */,
				F9E506372989736200F5C456 /* Frameworks */,
				F9E506382989736200F5C456 /* Resources */,
			);
			buildRules = (
			);
			dependencies = (
				F9E5063C2989736200F5C456 /* PBXTargetDependency */,
			);
			name = "Assignment NotebookTests";
			productName = "Assignment NotebookTests";
			productReference = F9E5063A2989736200F5C456 /* Assignment NotebookTests.xctest */;
			productType = "com.apple.product-type.bundle.unit-test";
		};
		F9E506432989736200F5C456 /* Assignment NotebookUITests */ = {
			isa = PBXNativeTarget;
			buildConfigurationList = F9E506542989736200F5C456 /* Build configuration list for PBXNativeTarget "Assignment NotebookUITests" */;
			buildPhases = (
				F9E506402989736200F5C456 /* Sources */,
				F9E506412989736200F5C456 /* Frameworks */,
				F9E506422989736200F5C456 /* Resources */,
			);
			buildRules = (
			);
			dependencies = (
				F9E506462989736200F5C456 /* PBXTargetDependency */,
			);
			name = "Assignment NotebookUITests";
			productName = "Assignment NotebookUITests";
			productReference = F9E506442989736200F5C456 /* Assignment NotebookUITests.xctest */;
			productType = "com.apple.product-type.bundle.ui-testing";
		};
/* End PBXNativeTarget section */

/* Begin PBXProject section */
		F9E506222989736100F5C456 /* Project object */ = {
			isa = PBXProject;
			attributes = {
				BuildIndependentTargetsInParallel = 1;
				LastSwiftUpdateCheck = 1400;
				LastUpgradeCheck = 1400;
				TargetAttributes = {
					F9E506292989736100F5C456 = {
						CreatedOnToolsVersion = 14.0;
					};
					F9E506392989736200F5C456 = {
						CreatedOnToolsVersion = 14.0;
						TestTargetID = F9E506292989736100F5C456;
					};
					F9E506432989736200F5C456 = {
						CreatedOnToolsVersion = 14.0;
						TestTargetID = F9E506292989736100F5C456;
					};
				};
			};
			buildConfigurationList = F9E506252989736100F5C456 /* Build configuration list for PBXProject "Assignment Notebook" */;
			compatibilityVersion = "Xcode 14.0";
			developmentRegion = en;
			hasScannedForEncodings = 0;
			knownRegions = (
				en,
				Base,
			);
			mainGroup = F9E506212989736100F5C456;
			productRefGroup = F9E5062B2989736100F5C456 /* Products */;
			projectDirPath = "";
			projectRoot = "";
			targets = (
				F9E506292989736100F5C456 /* Assignment Notebook */,
				F9E506392989736200F5C456 /* Assignment NotebookTests */,
				F9E506432989736200F5C456 /* Assignment NotebookUITests */,
			);
		};
/* End PBXProject section */

/* Begin PBXResourcesBuildPhase section */
		F9E506282989736100F5C456 /* Resources */ = {
			isa = PBXResourcesBuildPhase;
			buildActionMask = 2147483647;
			files = (
				F9E506352989736200F5C456 /* Preview Assets.xcassets in Resources */,
				F9E506322989736200F5C456 /* Assets.xcassets in Resources */,
			);
			runOnlyForDeploymentPostprocessing = 0;
		};
		F9E506382989736200F5C456 /* Resources */ = {
			isa = PBXResourcesBuildPhase;
			buildActionMask = 2147483647;
			files = (
			);
			runOnlyForDeploymentPostprocessing = 0;
		};
		F9E506422989736200F5C456 /* Resources */ = {
			isa = PBXResourcesBuildPhase;
			buildActionMask = 2147483647;
			files = (
			);
			runOnlyForDeploymentPostprocessing = 0;
		};
/* End PBXResourcesBuildPhase section */

/* Begin PBXSourcesBuildPhase section */
		F9E506262989736100F5C456 /* Sources */ = {
			isa = PBXSourcesBuildPhase;
			buildActionMask = 2147483647;
			files = (
				F9205298298974CF00AEB709 /* AssignmentList.swift in Sources */,
				F9205296298974BE00AEB709 /* AddAssignmentView.swift in Sources */,
				F9E506302989736100F5C456 /* ContentView.swift in Sources */,
				F9E5062E2989736100F5C456 /* Assignment_NotebookApp.swift in Sources */,
			);
			runOnlyForDeploymentPostprocessing = 0;
		};
		F9E506362989736200F5C456 /* Sources */ = {
			isa = PBXSourcesBuildPhase;
			buildActionMask = 2147483647;
			files = (
				F9E5063F2989736200F5C456 /* Assignment_NotebookTests.swift in Sources */,
			);
			runOnlyForDeploymentPostprocessing = 0;
		};
		F9E506402989736200F5C456 /* Sources */ = {
			isa = PBXSourcesBuildPhase;
			buildActionMask = 2147483647;
			files = (
				F9E5064B2989736200F5C456 /* Assignment_NotebookUITestsLaunchTests.swift in Sources */,
				F9E506492989736200F5C456 /* Assignment_NotebookUITests.swift in Sources */,
			);
			runOnlyForDeploymentPostprocessing = 0;
		};
/* End PBXSourcesBuildPhase section */

/* Begin PBXTargetDependency section */
		F9E5063C2989736200F5C456 /* PBXTargetDependency */ = {
			isa = PBXTargetDependency;
			target = F9E506292989736100F5C456 /* Assignment Notebook */;
			targetProxy = F9E5063B2989736200F5C456 /* PBXContainerItemProxy */;
		};
		F9E506462989736200F5C456 /* PBXTargetDependency */ = {
			isa = PBXTargetDependency;
			target = F9E506292989736100F5C456 /* Assignment Notebook */;
			targetProxy = F9E506452989736200F5C456 /* PBXContainerItemProxy */;
		};
/* End PBXTargetDependency section */

/* Begin XCBuildConfiguration section */
		F9E5064C2989736200F5C456 /* Debug */ = {
			isa = XCBuildConfiguration;
			buildSettings = {
				ALWAYS_SEARCH_USER_PATHS = NO;
				CLANG_ANALYZER_NONNULL = YES;
				CLANG_ANALYZER_NUMBER_OBJECT_CONVERSION = YES_AGGRESSIVE;
				CLANG_CXX_LANGUAGE_STANDARD = "gnu++20";
				CLANG_ENABLE_MODULES = YES;
				CLANG_ENABLE_OBJC_ARC = YES;
				CLANG_ENABLE_OBJC_WEAK = YES;
				CLANG_WARN_BLOCK_CAPTURE_AUTORELEASING = YES;
				CLANG_WARN_BOOL_CONVERSION = YES;
				CLANG_WARN_COMMA = YES;
				CLANG_WARN_CONSTANT_CONVERSION = YES;
				CLANG_WARN_DEPRECATED_OBJC_IMPLEMENTATIONS = YES;
				CLANG_WARN_DIRECT_OBJC_ISA_USAGE = YES_ERROR;
				CLANG_WARN_DOCUMENTATION_COMMENTS = YES;
				CLANG_WARN_EMPTY_BODY = YES;
				CLANG_WARN_ENUM_CONVERSION = YES;
				CLANG_WARN_INFINITE_RECURSION = YES;
				CLANG_WARN_INT_CONVERSION = YES;
				CLANG_WARN_NON_LITERAL_NULL_CONVERSION = YES;
				CLANG_WARN_OBJC_IMPLICIT_RETAIN_SELF = YES;
				CLANG_WARN_OBJC_LITERAL_CONVERSION = YES;
				CLANG_WARN_OBJC_ROOT_CLASS = YES_ERROR;
				CLANG_WARN_QUOTED_INCLUDE_IN_FRAMEWORK_HEADER = YES;
				CLANG_WARN_RANGE_LOOP_ANALYSIS = YES;
				CLANG_WARN_STRICT_PROTOTYPES = YES;
				CLANG_WARN_SUSPICIOUS_MOVE = YES;
				CLANG_WARN_UNGUARDED_AVAILABILITY = YES_AGGRESSIVE;
				CLANG_WARN_UNREACHABLE_CODE = YES;
				CLANG_WARN__DUPLICATE_METHOD_MATCH = YES;
				COPY_PHASE_STRIP = NO;
				DEBUG_INFORMATION_FORMAT = dwarf;
				ENABLE_STRICT_OBJC_MSGSEND = YES;
				ENABLE_TESTABILITY = YES;
				GCC_C_LANGUAGE_STANDARD = gnu11;
				GCC_DYNAMIC_NO_PIC = NO;
				GCC_NO_COMMON_BLOCKS = YES;
				GCC_OPTIMIZATION_LEVEL = 0;
				GCC_PREPROCESSOR_DEFINITIONS = (
					"DEBUG=1",
					"$(inherited)",
				);
				GCC_WARN_64_TO_32_BIT_CONVERSION = YES;
				GCC_WARN_ABOUT_RETURN_TYPE = YES_ERROR;
				GCC_WARN_UNDECLARED_SELECTOR = YES;
				GCC_WARN_UNINITIALIZED_AUTOS = YES_AGGRESSIVE;
				GCC_WARN_UNUSED_FUNCTION = YES;
				GCC_WARN_UNUSED_VARIABLE = YES;
				IPHONEOS_DEPLOYMENT_TARGET = 16.0;
				MTL_ENABLE_DEBUG_INFO = INCLUDE_SOURCE;
				MTL_FAST_MATH = YES;
				ONLY_ACTIVE_ARCH = YES;
				SDKROOT = iphoneos;
				SWIFT_ACTIVE_COMPILATION_CONDITIONS = DEBUG;
				SWIFT_OPTIMIZATION_LEVEL = "-Onone";
			};
			name = Debug;
		};
		F9E5064D2989736200F5C456 /* Release */ = {
			isa = XCBuildConfiguration;
			buildSettings = {
				ALWAYS_SEARCH_USER_PATHS = NO;
				CLANG_ANALYZER_NONNULL = YES;
				CLANG_ANALYZER_NUMBER_OBJECT_CONVERSION = YES_AGGRESSIVE;
				CLANG_CXX_LANGUAGE_STANDARD = "gnu++20";
				CLANG_ENABLE_MODULES = YES;
				CLANG_ENABLE_OBJC_ARC = YES;
				CLANG_ENABLE_OBJC_WEAK = YES;
				CLANG_WARN_BLOCK_CAPTURE_AUTORELEASING = YES;
				CLANG_WARN_BOOL_CONVERSION = YES;
				CLANG_WARN_COMMA = YES;
				CLANG_WARN_CONSTANT_CONVERSION = YES;
				CLANG_WARN_DEPRECATED_OBJC_IMPLEMENTATIONS = YES;
				CLANG_WARN_DIRECT_OBJC_ISA_USAGE = YES_ERROR;
				CLANG_WARN_DOCUMENTATION_COMMENTS = YES;
				CLANG_WARN_EMPTY_BODY = YES;
				CLANG_WARN_ENUM_CONVERSION = YES;
				CLANG_WARN_INFINITE_RECURSION = YES;
				CLANG_WARN_INT_CONVERSION = YES;
				CLANG_WARN_NON_LITERAL_NULL_CONVERSION = YES;
				CLANG_WARN_OBJC_IMPLICIT_RETAIN_SELF = YES;
				CLANG_WARN_OBJC_LITERAL_CONVERSION = YES;
				CLANG_WARN_OBJC_ROOT_CLASS = YES_ERROR;
				CLANG_WARN_QUOTED_INCLUDE_IN_FRAMEWORK_HEADER = YES;
				CLANG_WARN_RANGE_LOOP_ANALYSIS = YES;
				CLANG_WARN_STRICT_PROTOTYPES = YES;
				CLANG_WARN_SUSPICIOUS_MOVE = YES;
				CLANG_WARN_UNGUARDED_AVAILABILITY = YES_AGGRESSIVE;
				CLANG_WARN_UNREACHABLE_CODE = YES;
				CLANG_WARN__DUPLICATE_METHOD_MATCH = YES;
				COPY_PHASE_STRIP = NO;
				DEBUG_INFORMATION_FORMAT = "dwarf-with-dsym";
				ENABLE_NS_ASSERTIONS = NO;
				ENABLE_STRICT_OBJC_MSGSEND = YES;
				GCC_C_LANGUAGE_STANDARD = gnu11;
				GCC_NO_COMMON_BLOCKS = YES;
				GCC_WARN_64_TO_32_BIT_CONVERSION = YES;
				GCC_WARN_ABOUT_RETURN_TYPE = YES_ERROR;
				GCC_WARN_UNDECLARED_SELECTOR = YES;
				GCC_WARN_UNINITIALIZED_AUTOS = YES_AGGRESSIVE;
				GCC_WARN_UNUSED_FUNCTION = YES;
				GCC_WARN_UNUSED_VARIABLE = YES;
				IPHONEOS_DEPLOYMENT_TARGET = 16.0;
				MTL_ENABLE_DEBUG_INFO = NO;
				MTL_FAST_MATH = YES;
				SDKROOT = iphoneos;
				SWIFT_COMPILATION_MODE = wholemodule;
				SWIFT_OPTIMIZATION_LEVEL = "-O";
				VALIDATE_PRODUCT = YES;
			};
			name = Release;
		};
		F9E5064F2989736200F5C456 /* Debug */ = {
			isa = XCBuildConfiguration;
			buildSettings = {
				ASSETCATALOG_COMPILER_APPICON_NAME = AppIcon;
				ASSETCATALOG_COMPILER_GLOBAL_ACCENT_COLOR_NAME = AccentColor;
				CODE_SIGN_STYLE = Automatic;
				CURRENT_PROJECT_VERSION = 1;
				DEVELOPMENT_ASSET_PATHS = "\"Assignment Notebook/Preview Content\"";
				DEVELOPMENT_TEAM = ZM8QD2KAG2;
				ENABLE_PREVIEWS = YES;
				GENERATE_INFOPLIST_FILE = YES;
				INFOPLIST_KEY_UIApplicationSceneManifest_Generation = YES;
				INFOPLIST_KEY_UIApplicationSupportsIndirectInputEvents = YES;
				INFOPLIST_KEY_UILaunchScreen_Generation = YES;
				INFOPLIST_KEY_UISupportedInterfaceOrientations_iPad = "UIInterfaceOrientationPortrait UIInterfaceOrientationPortraitUpsideDown UIInterfaceOrientationLandscapeLeft UIInterfaceOrientationLandscapeRight";
				INFOPLIST_KEY_UISupportedInterfaceOrientations_iPhone = "UIInterfaceOrientationPortrait UIInterfaceOrientationLandscapeLeft UIInterfaceOrientationLandscapeRight";
				LD_RUNPATH_SEARCH_PATHS = (
					"$(inherited)",
					"@executable_path/Frameworks",
				);
				MARKETING_VERSION = 1.0;
				PRODUCT_BUNDLE_IDENTIFIER = "BrightStar.Assignment-Notebook";
				PRODUCT_NAME = "$(TARGET_NAME)";
				SWIFT_EMIT_LOC_STRINGS = YES;
				SWIFT_VERSION = 5.0;
				TARGETED_DEVICE_FAMILY = "1,2";
			};
			name = Debug;
		};
		F9E506502989736200F5C456 /* Release */ = {
			isa = XCBuildConfiguration;
			buildSettings = {
				ASSETCATALOG_COMPILER_APPICON_NAME = AppIcon;
				ASSETCATALOG_COMPILER_GLOBAL_ACCENT_COLOR_NAME = AccentColor;
				CODE_SIGN_STYLE = Automatic;
				CURRENT_PROJECT_VERSION = 1;
				DEVELOPMENT_ASSET_PATHS = "\"Assignment Notebook/Preview Content\"";
				DEVELOPMENT_TEAM = ZM8QD2KAG2;
				ENABLE_PREVIEWS = YES;
				GENERATE_INFOPLIST_FILE = YES;
				INFOPLIST_KEY_UIApplicationSceneManifest_Generation = YES;
				INFOPLIST_KEY_UIApplicationSupportsIndirectInputEvents = YES;
				INFOPLIST_KEY_UILaunchScreen_Generation = YES;
				INFOPLIST_KEY_UISupportedInterfaceOrientations_iPad = "UIInterfaceOrientationPortrait UIInterfaceOrientationPortraitUpsideDown UIInterfaceOrientationLandscapeLeft UIInterfaceOrientationLandscapeRight";
				INFOPLIST_KEY_UISupportedInterfaceOrientations_iPhone = "UIInterfaceOrientationPortrait UIInterfaceOrientationLandscapeLeft UIInterfaceOrientationLandscapeRight";
				LD_RUNPATH_SEARCH_PATHS = (
					"$(inherited)",
					"@executable_path/Frameworks",
				);
				MARKETING_VERSION = 1.0;
				PRODUCT_BUNDLE_IDENTIFIER = "BrightStar.Assignment-Notebook";
				PRODUCT_NAME = "$(TARGET_NAME)";
				SWIFT_EMIT_LOC_STRINGS = YES;
				SWIFT_VERSION = 5.0;
				TARGETED_DEVICE_FAMILY = "1,2";
			};
			name = Release;
		};
		F9E506522989736200F5C456 /* Debug */ = {
			isa = XCBuildConfiguration;
			buildSettings = {
				ALWAYS_EMBED_SWIFT_STANDARD_LIBRARIES = YES;
				BUNDLE_LOADER = "$(TEST_HOST)";
				CODE_SIGN_STYLE = Automatic;
				CURRENT_PROJECT_VERSION = 1;
				DEVELOPMENT_TEAM = ZM8QD2KAG2;
				GENERATE_INFOPLIST_FILE = YES;
				IPHONEOS_DEPLOYMENT_TARGET = 16.0;
				MARKETING_VERSION = 1.0;
				PRODUCT_BUNDLE_IDENTIFIER = "BrightStar.Assignment-NotebookTests";
				PRODUCT_NAME = "$(TARGET_NAME)";
				SWIFT_EMIT_LOC_STRINGS = NO;
				SWIFT_VERSION = 5.0;
				TARGETED_DEVICE_FAMILY = "1,2";
				TEST_HOST = "$(BUILT_PRODUCTS_DIR)/Assignment Notebook.app/$(BUNDLE_EXECUTABLE_FOLDER_PATH)/Assignment Notebook";
			};
			name = Debug;
		};
		F9E506532989736200F5C456 /* Release */ = {
			isa = XCBuildConfiguration;
			buildSettings = {
				ALWAYS_EMBED_SWIFT_STANDARD_LIBRARIES = YES;
				BUNDLE_LOADER = "$(TEST_HOST)";
				CODE_SIGN_STYLE = Automatic;
				CURRENT_PROJECT_VERSION = 1;
				DEVELOPMENT_TEAM = ZM8QD2KAG2;
				GENERATE_INFOPLIST_FILE = YES;
				IPHONEOS_DEPLOYMENT_TARGET = 16.0;
				MARKETING_VERSION = 1.0;
				PRODUCT_BUNDLE_IDENTIFIER = "BrightStar.Assignment-NotebookTests";
				PRODUCT_NAME = "$(TARGET_NAME)";
				SWIFT_EMIT_LOC_STRINGS = NO;
				SWIFT_VERSION = 5.0;
				TARGETED_DEVICE_FAMILY = "1,2";
				TEST_HOST = "$(BUILT_PRODUCTS_DIR)/Assignment Notebook.app/$(BUNDLE_EXECUTABLE_FOLDER_PATH)/Assignment Notebook";
			};
			name = Release;
		};
		F9E506552989736200F5C456 /* Debug */ = {
			isa = XCBuildConfiguration;
			buildSettings = {
				ALWAYS_EMBED_SWIFT_STANDARD_LIBRARIES = YES;
				CODE_SIGN_STYLE = Automatic;
				CURRENT_PROJECT_VERSION = 1;
				DEVELOPMENT_TEAM = ZM8QD2KAG2;
				GENERATE_INFOPLIST_FILE = YES;
				MARKETING_VERSION = 1.0;
				PRODUCT_BUNDLE_IDENTIFIER = "BrightStar.Assignment-NotebookUITests";
				PRODUCT_NAME = "$(TARGET_NAME)";
				SWIFT_EMIT_LOC_STRINGS = NO;
				SWIFT_VERSION = 5.0;
				TARGETED_DEVICE_FAMILY = "1,2";
				TEST_TARGET_NAME = "Assignment Notebook";
			};
			name = Debug;
		};
		F9E506562989736200F5C456 /* Release */ = {
			isa = XCBuildConfiguration;
			buildSettings = {
				ALWAYS_EMBED_SWIFT_STANDARD_LIBRARIES = YES;
				CODE_SIGN_STYLE = Automatic;
				CURRENT_PROJECT_VERSION = 1;
				DEVELOPMENT_TEAM = ZM8QD2KAG2;
				GENERATE_INFOPLIST_FILE = YES;
				MARKETING_VERSION = 1.0;
				PRODUCT_BUNDLE_IDENTIFIER = "BrightStar.Assignment-NotebookUITests";
				PRODUCT_NAME = "$(TARGET_NAME)";
				SWIFT_EMIT_LOC_STRINGS = NO;
				SWIFT_VERSION = 5.0;
				TARGETED_DEVICE_FAMILY = "1,2";
				TEST_TARGET_NAME = "Assignment Notebook";
			};
			name = Release;
		};
/* End XCBuildConfiguration section */

/* Begin XCConfigurationList section */
		F9E506252989736100F5C456 /* Build configuration list for PBXProject "Assignment Notebook" */ = {
			isa = XCConfigurationList;
			buildConfigurations = (
				F9E5064C2989736200F5C456 /* Debug */,
				F9E5064D2989736200F5C456 /* Release */,
			);
			defaultConfigurationIsVisible = 0;
			defaultConfigurationName = Release;
		};
		F9E5064E2989736200F5C456 /* Build configuration list for PBXNativeTarget "Assignment Notebook" */ = {
			isa = XCConfigurationList;
			buildConfigurations = (
				F9E5064F2989736200F5C456 /* Debug */,
				F9E506502989736200F5C456 /* Release */,
			);
			defaultConfigurationIsVisible = 0;
			defaultConfigurationName = Release;
		};
		F9E506512989736200F5C456 /* Build configuration list for PBXNativeTarget "Assignment NotebookTests" */ = {
			isa = XCConfigurationList;
			buildConfigurations = (
				F9E506522989736200F5C456 /* Debug */,
				F9E506532989736200F5C456 /* Release */,
			);
			defaultConfigurationIsVisible = 0;
			defaultConfigurationName = Release;
		};
		F9E506542989736200F5C456 /* Build configuration list for PBXNativeTarget "Assignment NotebookUITests" */ = {
			isa = XCConfigurationList;
			buildConfigurations = (
				F9E506552989736200F5C456 /* Debug */,
				F9E506562989736200F5C456 /* Release */,
			);
			defaultConfigurationIsVisible = 0;
			defaultConfigurationName = Release;
		};
/* End XCConfigurationList section */
	};
	rootObject = F9E506222989736100F5C456 /* Project object */;
}
